
Microsoft Visual Studio Solution File, Format Version 12.00
# Visual Studio Version 17
VisualStudioVersion = 17.0.31912.275
MinimumVisualStudioVersion = 10.0.40219.1
Project("{FAE04EC0-301F-11D3-BF4B-00C04F79EFBC}") = "ListaZaginionych", "ListaZaginionych\ListaZaginionych.csproj", "{248A339F-02E1-4606-95ED-97EFC27873CA}"
EndProject
Global
	GlobalSection(SolutionConfigurationPlatforms) = preSolution
		Debug|Any CPU = Debug|Any CPU
		Release|Any CPU = Release|Any CPU
	EndGlobalSection
	GlobalSection(ProjectConfigurationPlatforms) = postSolution
		{248A339F-02E1-4606-95ED-97EFC27873CA}.Debug|Any CPU.ActiveCfg = Debug|Any CPU
		{248A339F-02E1-4606-95ED-97EFC27873CA}.Debug|Any CPU.Build.0 = Debug|Any CPU
		{248A339F-02E1-4606-95ED-97EFC27873CA}.Release|Any CPU.ActiveCfg = Release|Any CPU
		{248A339F-02E1-4606-95ED-97EFC27873CA}.Release|Any CPU.Build.0 = Release|Any CPU
	EndGlobalSection
	GlobalSection(SolutionProperties) = preSolution
		HideSolutionNode = FALSE
	EndGlobalSection
	GlobalSection(ExtensibilityGlobals) = postSolution
		SolutionGuid = {560CD101-4E7A-4B8C-A770-B0DE9DC39CE7}
	EndGlobalSection
EndGlobal
